// !$*UTF8*$!
{
	archiveVersion = 1;
	classes = {
	};
	objectVersion = 50;
	objects = {

/* Begin PBXBuildFile section */
		9364AC90229C6B4B000A1E75 /* Assets.xcassets in Resources */ = {isa = PBXBuildFile; fileRef = 9364AC8F229C6B4B000A1E75 /* Assets.xcassets */; };
		9364ACA0229C6C03000A1E75 /* AppDelegate.swift in Sources */ = {isa = PBXBuildFile; fileRef = 9364AC9F229C6C03000A1E75 /* AppDelegate.swift */; };
		9364ACA2229C6C2C000A1E75 /* ChatViewController.swift in Sources */ = {isa = PBXBuildFile; fileRef = 9364ACA1229C6C2C000A1E75 /* ChatViewController.swift */; };
		9364ACA4229C6C37000A1E75 /* DetailViewController.swift in Sources */ = {isa = PBXBuildFile; fileRef = 9364ACA3229C6C37000A1E75 /* DetailViewController.swift */; };
		9364ACA6229C6C40000A1E75 /* MasterViewController.swift in Sources */ = {isa = PBXBuildFile; fileRef = 9364ACA5229C6C40000A1E75 /* MasterViewController.swift */; };
		9364ACA8229C6C55000A1E75 /* CustomMessageCell.swift in Sources */ = {isa = PBXBuildFile; fileRef = 9364ACA7229C6C55000A1E75 /* CustomMessageCell.swift */; };
		9364ACAA229C6C5C000A1E75 /* CustomMessageCellViewController.swift in Sources */ = {isa = PBXBuildFile; fileRef = 9364ACA9229C6C5C000A1E75 /* CustomMessageCellViewController.swift */; };
		9364ACAE229C6CDD000A1E75 /* CustomMessageCellViewController.xib in Resources */ = {isa = PBXBuildFile; fileRef = 9364ACAD229C6CDD000A1E75 /* CustomMessageCellViewController.xib */; };
		9364ACB0229C6CEA000A1E75 /* LogInViewController.swift in Sources */ = {isa = PBXBuildFile; fileRef = 9364ACAF229C6CEA000A1E75 /* LogInViewController.swift */; };
		9364ACB2229C6D11000A1E75 /* Message.swift in Sources */ = {isa = PBXBuildFile; fileRef = 9364ACB1229C6D11000A1E75 /* Message.swift */; };
		9364ACB4229C6D1B000A1E75 /* MessageCell.xib in Resources */ = {isa = PBXBuildFile; fileRef = 9364ACB3229C6D1B000A1E75 /* MessageCell.xib */; };
		9364ACB6229C6D26000A1E75 /* RegisterViewController.swift in Sources */ = {isa = PBXBuildFile; fileRef = 9364ACB5229C6D26000A1E75 /* RegisterViewController.swift */; };
		9364ACB8229C6D3C000A1E75 /* Main.storyboard in Resources */ = {isa = PBXBuildFile; fileRef = 9364ACB7229C6D3C000A1E75 /* Main.storyboard */; };
		9364ACBA229C6D49000A1E75 /* LaunchScreen.storyboard in Resources */ = {isa = PBXBuildFile; fileRef = 9364ACB9229C6D49000A1E75 /* LaunchScreen.storyboard */; };
		9364ACBC229C6D59000A1E75 /* WelcomeViewController.swift in Sources */ = {isa = PBXBuildFile; fileRef = 9364ACBB229C6D59000A1E75 /* WelcomeViewController.swift */; };
		9364ACBE229C6F03000A1E75 /* GoogleService-Info.plist in Resources */ = {isa = PBXBuildFile; fileRef = 9364ACBD229C6F03000A1E75 /* GoogleService-Info.plist */; };
		E3920648B1C55A03A2A7E03F /* Pods_Flash_Chat.framework in Frameworks */ = {isa = PBXBuildFile; fileRef = ADAC8A3B1901B57290E7608A /* Pods_Flash_Chat.framework */; };
/* End PBXBuildFile section */

/* Begin PBXFileReference section */
		745D80D95CF6FE33BC3E776E /* Pods-Flash Chat.release.xcconfig */ = {isa = PBXFileReference; includeInIndex = 1; lastKnownFileType = text.xcconfig; name = "Pods-Flash Chat.release.xcconfig"; path = "Target Support Files/Pods-Flash Chat/Pods-Flash Chat.release.xcconfig"; sourceTree = "<group>"; };
		9364AC85229C6B4A000A1E75 /* Flash Chat.app */ = {isa = PBXFileReference; explicitFileType = wrapper.application; includeInIndex = 0; path = "Flash Chat.app"; sourceTree = BUILT_PRODUCTS_DIR; };
		9364AC8F229C6B4B000A1E75 /* Assets.xcassets */ = {isa = PBXFileReference; lastKnownFileType = folder.assetcatalog; path = Assets.xcassets; sourceTree = "<group>"; };
		9364AC94229C6B4B000A1E75 /* Info.plist */ = {isa = PBXFileReference; lastKnownFileType = text.plist.xml; path = Info.plist; sourceTree = "<group>"; };
		9364AC9F229C6C03000A1E75 /* AppDelegate.swift */ = {isa = PBXFileReference; fileEncoding = 4; lastKnownFileType = sourcecode.swift; name = AppDelegate.swift; path = "../../../../Desktop/Flash Chat/Flash Chat/AppDelegate.swift"; sourceTree = "<group>"; };
		9364ACA1229C6C2C000A1E75 /* ChatViewController.swift */ = {isa = PBXFileReference; fileEncoding = 4; lastKnownFileType = sourcecode.swift; path = ChatViewController.swift; sourceTree = "<group>"; };
		9364ACA3229C6C37000A1E75 /* DetailViewController.swift */ = {isa = PBXFileReference; fileEncoding = 4; lastKnownFileType = sourcecode.swift; path = DetailViewController.swift; sourceTree = "<group>"; };
		9364ACA5229C6C40000A1E75 /* MasterViewController.swift */ = {isa = PBXFileReference; fileEncoding = 4; lastKnownFileType = sourcecode.swift; path = MasterViewController.swift; sourceTree = "<group>"; };
		9364ACA7229C6C55000A1E75 /* CustomMessageCell.swift */ = {isa = PBXFileReference; fileEncoding = 4; lastKnownFileType = sourcecode.swift; path = CustomMessageCell.swift; sourceTree = "<group>"; };
		9364ACA9229C6C5C000A1E75 /* CustomMessageCellViewController.swift */ = {isa = PBXFileReference; fileEncoding = 4; lastKnownFileType = sourcecode.swift; path = CustomMessageCellViewController.swift; sourceTree = "<group>"; };
		9364ACAD229C6CDD000A1E75 /* CustomMessageCellViewController.xib */ = {isa = PBXFileReference; fileEncoding = 4; lastKnownFileType = file.xib; path = CustomMessageCellViewController.xib; sourceTree = "<group>"; };
		9364ACAF229C6CEA000A1E75 /* LogInViewController.swift */ = {isa = PBXFileReference; fileEncoding = 4; lastKnownFileType = sourcecode.swift; path = LogInViewController.swift; sourceTree = "<group>"; };
		9364ACB1229C6D11000A1E75 /* Message.swift */ = {isa = PBXFileReference; fileEncoding = 4; lastKnownFileType = sourcecode.swift; path = Message.swift; sourceTree = "<group>"; };
		9364ACB3229C6D1B000A1E75 /* MessageCell.xib */ = {isa = PBXFileReference; fileEncoding = 4; lastKnownFileType = file.xib; path = MessageCell.xib; sourceTree = "<group>"; };
		9364ACB5229C6D26000A1E75 /* RegisterViewController.swift */ = {isa = PBXFileReference; fileEncoding = 4; lastKnownFileType = sourcecode.swift; path = RegisterViewController.swift; sourceTree = "<group>"; };
		9364ACB7229C6D3C000A1E75 /* Main.storyboard */ = {isa = PBXFileReference; fileEncoding = 4; lastKnownFileType = file.storyboard; path = Main.storyboard; sourceTree = "<group>"; };
		9364ACB9229C6D49000A1E75 /* LaunchScreen.storyboard */ = {isa = PBXFileReference; fileEncoding = 4; lastKnownFileType = file.storyboard; path = LaunchScreen.storyboard; sourceTree = "<group>"; };
		9364ACBB229C6D59000A1E75 /* WelcomeViewController.swift */ = {isa = PBXFileReference; fileEncoding = 4; lastKnownFileType = sourcecode.swift; path = WelcomeViewController.swift; sourceTree = "<group>"; };
		9364ACBD229C6F03000A1E75 /* GoogleService-Info.plist */ = {isa = PBXFileReference; fileEncoding = 4; lastKnownFileType = text.plist.xml; path = "GoogleService-Info.plist"; sourceTree = "<group>"; };
		ADAC8A3B1901B57290E7608A /* Pods_Flash_Chat.framework */ = {isa = PBXFileReference; explicitFileType = wrapper.framework; includeInIndex = 0; path = Pods_Flash_Chat.framework; sourceTree = BUILT_PRODUCTS_DIR; };
		D88D5E0A205B285C701C38C9 /* Pods-Flash Chat.debug.xcconfig */ = {isa = PBXFileReference; includeInIndex = 1; lastKnownFileType = text.xcconfig; name = "Pods-Flash Chat.debug.xcconfig"; path = "Target Support Files/Pods-Flash Chat/Pods-Flash Chat.debug.xcconfig"; sourceTree = "<group>"; };
/* End PBXFileReference section */

/* Begin PBXFrameworksBuildPhase section */
		9364AC82229C6B4A000A1E75 /* Frameworks */ = {
			isa = PBXFrameworksBuildPhase;
			buildActionMask = 2147483647;
			files = (
				E3920648B1C55A03A2A7E03F /* Pods_Flash_Chat.framework in Frameworks */,
			);
			runOnlyForDeploymentPostprocessing = 0;
		};
/* End PBXFrameworksBuildPhase section */

/* Begin PBXGroup section */
		1C0BA3F37D282F5A1BECF47D /* Frameworks */ = {
			isa = PBXGroup;
			children = (
				ADAC8A3B1901B57290E7608A /* Pods_Flash_Chat.framework */,
			);
			name = Frameworks;
			sourceTree = "<group>";
		};
		2FBEC253C058AF657A5DD75D /* Pods */ = {
			isa = PBXGroup;
			children = (
				D88D5E0A205B285C701C38C9 /* Pods-Flash Chat.debug.xcconfig */,
				745D80D95CF6FE33BC3E776E /* Pods-Flash Chat.release.xcconfig */,
			);
			path = Pods;
			sourceTree = "<group>";
		};
		9364AC7C229C6B4A000A1E75 = {
			isa = PBXGroup;
			children = (
				9364AC87229C6B4A000A1E75 /* Flash Chat */,
				9364AC86229C6B4A000A1E75 /* Products */,
				2FBEC253C058AF657A5DD75D /* Pods */,
				1C0BA3F37D282F5A1BECF47D /* Frameworks */,
			);
			sourceTree = "<group>";
		};
		9364AC86229C6B4A000A1E75 /* Products */ = {
			isa = PBXGroup;
			children = (
				9364AC85229C6B4A000A1E75 /* Flash Chat.app */,
			);
			name = Products;
			sourceTree = "<group>";
		};
		9364AC87229C6B4A000A1E75 /* Flash Chat */ = {
			isa = PBXGroup;
			children = (
				9364AC9C229C6BCD000A1E75 /* Model */,
				9364AC9D229C6BD4000A1E75 /* View */,
				9364AC9E229C6BDA000A1E75 /* Controller */,
				9364AC9F229C6C03000A1E75 /* AppDelegate.swift */,
				9364AC8F229C6B4B000A1E75 /* Assets.xcassets */,
				9364AC94229C6B4B000A1E75 /* Info.plist */,
				9364ACBD229C6F03000A1E75 /* GoogleService-Info.plist */,
			);
			path = "Flash Chat";
			sourceTree = "<group>";
		};
		9364AC9C229C6BCD000A1E75 /* Model */ = {
			isa = PBXGroup;
			children = (
				9364ACA7229C6C55000A1E75 /* CustomMessageCell.swift */,
				9364ACB1229C6D11000A1E75 /* Message.swift */,
			);
			name = Model;
			sourceTree = "<group>";
		};
		9364AC9D229C6BD4000A1E75 /* View */ = {
			isa = PBXGroup;
			children = (
				9364ACB9229C6D49000A1E75 /* LaunchScreen.storyboard */,
				9364ACB7229C6D3C000A1E75 /* Main.storyboard */,
				9364ACAD229C6CDD000A1E75 /* CustomMessageCellViewController.xib */,
				9364ACB3229C6D1B000A1E75 /* MessageCell.xib */,
			);
			name = View;
			sourceTree = "<group>";
		};
		9364AC9E229C6BDA000A1E75 /* Controller */ = {
			isa = PBXGroup;
			children = (
				9364ACBB229C6D59000A1E75 /* WelcomeViewController.swift */,
				9364ACB5229C6D26000A1E75 /* RegisterViewController.swift */,
				9364ACA1229C6C2C000A1E75 /* ChatViewController.swift */,
				9364ACA3229C6C37000A1E75 /* DetailViewController.swift */,
				9364ACA5229C6C40000A1E75 /* MasterViewController.swift */,
				9364ACA9229C6C5C000A1E75 /* CustomMessageCellViewController.swift */,
				9364ACAF229C6CEA000A1E75 /* LogInViewController.swift */,
			);
			name = Controller;
			sourceTree = "<group>";
		};
/* End PBXGroup section */

/* Begin PBXNativeTarget section */
		9364AC84229C6B4A000A1E75 /* Flash Chat */ = {
			isa = PBXNativeTarget;
			buildConfigurationList = 9364AC97229C6B4B000A1E75 /* Build configuration list for PBXNativeTarget "Flash Chat" */;
			buildPhases = (
				ADF57136A0326D214DAB5369 /* [CP] Check Pods Manifest.lock */,
				9364AC81229C6B4A000A1E75 /* Sources */,
				9364AC82229C6B4A000A1E75 /* Frameworks */,
				9364AC83229C6B4A000A1E75 /* Resources */,
				39E45A069C653CA327C652B2 /* [CP] Embed Pods Frameworks */,
			);
			buildRules = (
			);
			dependencies = (
			);
			name = "Flash Chat";
			productName = "Flash Chat";
			productReference = 9364AC85229C6B4A000A1E75 /* Flash Chat.app */;
			productType = "com.apple.product-type.application";
		};
/* End PBXNativeTarget section */

/* Begin PBXProject section */
		9364AC7D229C6B4A000A1E75 /* Project object */ = {
			isa = PBXProject;
			attributes = {
				LastSwiftUpdateCheck = 1020;
				LastUpgradeCheck = 1020;
				ORGANIZATIONNAME = "Quynh Nguyen";
				TargetAttributes = {
					9364AC84229C6B4A000A1E75 = {
						CreatedOnToolsVersion = 10.2.1;
					};
				};
			};
			buildConfigurationList = 9364AC80229C6B4A000A1E75 /* Build configuration list for PBXProject "Flash Chat" */;
			compatibilityVersion = "Xcode 9.3";
			developmentRegion = en;
			hasScannedForEncodings = 0;
			knownRegions = (
				en,
				Base,
			);
			mainGroup = 9364AC7C229C6B4A000A1E75;
			productRefGroup = 9364AC86229C6B4A000A1E75 /* Products */;
			projectDirPath = "";
			projectRoot = "";
			targets = (
				9364AC84229C6B4A000A1E75 /* Flash Chat */,
			);
		};
/* End PBXProject section */

/* Begin PBXResourcesBuildPhase section */
		9364AC83229C6B4A000A1E75 /* Resources */ = {
			isa = PBXResourcesBuildPhase;
			buildActionMask = 2147483647;
			files = (
				9364ACB8229C6D3C000A1E75 /* Main.storyboard in Resources */,
				9364ACAE229C6CDD000A1E75 /* CustomMessageCellViewController.xib in Resources */,
				9364ACB4229C6D1B000A1E75 /* MessageCell.xib in Resources */,
				9364ACBA229C6D49000A1E75 /* LaunchScreen.storyboard in Resources */,
				9364AC90229C6B4B000A1E75 /* Assets.xcassets in Resources */,
				9364ACBE229C6F03000A1E75 /* GoogleService-Info.plist in Resources */,
			);
			runOnlyForDeploymentPostprocessing = 0;
		};
/* End PBXResourcesBuildPhase section */

/* Begin PBXShellScriptBuildPhase section */
		39E45A069C653CA327C652B2 /* [CP] Embed Pods Frameworks */ = {
			isa = PBXShellScriptBuildPhase;
			buildActionMask = 2147483647;
			files = (
			);
			inputFileListPaths = (
			);
			inputPaths = (
				"${PODS_ROOT}/Target Support Files/Pods-Flash Chat/Pods-Flash Chat-frameworks.sh",
				"${BUILT_PRODUCTS_DIR}/ChameleonFramework/ChameleonFramework.framework",
				"${BUILT_PRODUCTS_DIR}/GTMSessionFetcher/GTMSessionFetcher.framework",
				"${BUILT_PRODUCTS_DIR}/GoogleUtilities/GoogleUtilities.framework",
				"${BUILT_PRODUCTS_DIR}/SVProgressHUD/SVProgressHUD.framework",
				"${BUILT_PRODUCTS_DIR}/leveldb-library/leveldb.framework",
				"${BUILT_PRODUCTS_DIR}/nanopb/nanopb.framework",
			);
			name = "[CP] Embed Pods Frameworks";
			outputFileListPaths = (
			);
			outputPaths = (
				"${TARGET_BUILD_DIR}/${FRAMEWORKS_FOLDER_PATH}/ChameleonFramework.framework",
				"${TARGET_BUILD_DIR}/${FRAMEWORKS_FOLDER_PATH}/GTMSessionFetcher.framework",
				"${TARGET_BUILD_DIR}/${FRAMEWORKS_FOLDER_PATH}/GoogleUtilities.framework",
				"${TARGET_BUILD_DIR}/${FRAMEWORKS_FOLDER_PATH}/SVProgressHUD.framework",
				"${TARGET_BUILD_DIR}/${FRAMEWORKS_FOLDER_PATH}/leveldb.framework",
				"${TARGET_BUILD_DIR}/${FRAMEWORKS_FOLDER_PATH}/nanopb.framework",
			);
			runOnlyForDeploymentPostprocessing = 0;
			shellPath = /bin/sh;
			shellScript = "\"${PODS_ROOT}/Target Support Files/Pods-Flash Chat/Pods-Flash Chat-frameworks.sh\"\n";
			showEnvVarsInLog = 0;
		};
		ADF57136A0326D214DAB5369 /* [CP] Check Pods Manifest.lock */ = {
			isa = PBXShellScriptBuildPhase;
			buildActionMask = 2147483647;
			files = (
			);
			inputFileListPaths = (
			);
			inputPaths = (
				"${PODS_PODFILE_DIR_PATH}/Podfile.lock",
				"${PODS_ROOT}/Manifest.lock",
			);
			name = "[CP] Check Pods Manifest.lock";
			outputFileListPaths = (
			);
			outputPaths = (
				"$(DERIVED_FILE_DIR)/Pods-Flash Chat-checkManifestLockResult.txt",
			);
			runOnlyForDeploymentPostprocessing = 0;
			shellPath = /bin/sh;
			shellScript = "diff \"${PODS_PODFILE_DIR_PATH}/Podfile.lock\" \"${PODS_ROOT}/Manifest.lock\" > /dev/null\nif [ $? != 0 ] ; then\n    # print error to STDERR\n    echo \"error: The sandbox is not in sync with the Podfile.lock. Run 'pod install' or update your CocoaPods installation.\" >&2\n    exit 1\nfi\n# This output is used by Xcode 'outputs' to avoid re-running this script phase.\necho \"SUCCESS\" > \"${SCRIPT_OUTPUT_FILE_0}\"\n";
			showEnvVarsInLog = 0;
		};
/* End PBXShellScriptBuildPhase section */

/* Begin PBXSourcesBuildPhase section */
		9364AC81229C6B4A000A1E75 /* Sources */ = {
			isa = PBXSourcesBuildPhase;
			buildActionMask = 2147483647;
			files = (
				9364ACA8229C6C55000A1E75 /* CustomMessageCell.swift in Sources */,
				9364ACB6229C6D26000A1E75 /* RegisterViewController.swift in Sources */,
				9364ACBC229C6D59000A1E75 /* WelcomeViewController.swift in Sources */,
				9364ACA6229C6C40000A1E75 /* MasterViewController.swift in Sources */,
				9364ACA0229C6C03000A1E75 /* AppDelegate.swift in Sources */,
				9364ACB2229C6D11000A1E75 /* Message.swift in Sources */,
				9364ACA2229C6C2C000A1E75 /* ChatViewController.swift in Sources */,
				9364ACB0229C6CEA000A1E75 /* LogInViewController.swift in Sources */,
				9364ACAA229C6C5C000A1E75 /* CustomMessageCellViewController.swift in Sources */,
				9364ACA4229C6C37000A1E75 /* DetailViewController.swift in Sources */,
			);
			runOnlyForDeploymentPostprocessing = 0;
		};
/* End PBXSourcesBuildPhase section */

/* Begin XCBuildConfiguration section */
		9364AC95229C6B4B000A1E75 /* Debug */ = {
			isa = XCBuildConfiguration;
			buildSettings = {
				ALWAYS_SEARCH_USER_PATHS = NO;
				CLANG_ANALYZER_NONNULL = YES;
				CLANG_ANALYZER_NUMBER_OBJECT_CONVERSION = YES_AGGRESSIVE;
				CLANG_CXX_LANGUAGE_STANDARD = "gnu++14";
				CLANG_CXX_LIBRARY = "libc++";
				CLANG_ENABLE_MODULES = YES;
				CLANG_ENABLE_OBJC_ARC = YES;
				CLANG_ENABLE_OBJC_WEAK = YES;
				CLANG_WARN_BLOCK_CAPTURE_AUTORELEASING = YES;
				CLANG_WARN_BOOL_CONVERSION = YES;
				CLANG_WARN_COMMA = YES;
				CLANG_WARN_CONSTANT_CONVERSION = YES;
				CLANG_WARN_DEPRECATED_OBJC_IMPLEMENTATIONS = YES;
				CLANG_WARN_DIRECT_OBJC_ISA_USAGE = YES_ERROR;
				CLANG_WARN_DOCUMENTATION_COMMENTS = YES;
				CLANG_WARN_EMPTY_BODY = YES;
				CLANG_WARN_ENUM_CONVERSION = YES;
				CLANG_WARN_INFINITE_RECURSION = YES;
				CLANG_WARN_INT_CONVERSION = YES;
				CLANG_WARN_NON_LITERAL_NULL_CONVERSION = YES;
				CLANG_WARN_OBJC_IMPLICIT_RETAIN_SELF = YES;
				CLANG_WARN_OBJC_LITERAL_CONVERSION = YES;
				CLANG_WARN_OBJC_ROOT_CLASS = YES_ERROR;
				CLANG_WARN_RANGE_LOOP_ANALYSIS = YES;
				CLANG_WARN_STRICT_PROTOTYPES = YES;
				CLANG_WARN_SUSPICIOUS_MOVE = YES;
				CLANG_WARN_UNGUARDED_AVAILABILITY = YES_AGGRESSIVE;
				CLANG_WARN_UNREACHABLE_CODE = YES;
				CLANG_WARN__DUPLICATE_METHOD_MATCH = YES;
				CODE_SIGN_IDENTITY = "iPhone Developer";
				COPY_PHASE_STRIP = NO;
				DEBUG_INFORMATION_FORMAT = dwarf;
				ENABLE_STRICT_OBJC_MSGSEND = YES;
				ENABLE_TESTABILITY = YES;
				GCC_C_LANGUAGE_STANDARD = gnu11;
				GCC_DYNAMIC_NO_PIC = NO;
				GCC_NO_COMMON_BLOCKS = YES;
				GCC_OPTIMIZATION_LEVEL = 0;
				GCC_PREPROCESSOR_DEFINITIONS = (
					"DEBUG=1",
					"$(inherited)",
				);
				GCC_WARN_64_TO_32_BIT_CONVERSION = YES;
				GCC_WARN_ABOUT_RETURN_TYPE = YES_ERROR;
				GCC_WARN_UNDECLARED_SELECTOR = YES;
				GCC_WARN_UNINITIALIZED_AUTOS = YES_AGGRESSIVE;
				GCC_WARN_UNUSED_FUNCTION = YES;
				GCC_WARN_UNUSED_VARIABLE = YES;
				IPHONEOS_DEPLOYMENT_TARGET = 12.2;
				MTL_ENABLE_DEBUG_INFO = INCLUDE_SOURCE;
				MTL_FAST_MATH = YES;
				ONLY_ACTIVE_ARCH = YES;
				SDKROOT = iphoneos;
				SWIFT_ACTIVE_COMPILATION_CONDITIONS = DEBUG;
				SWIFT_OPTIMIZATION_LEVEL = "-Onone";
			};
			name = Debug;
		};
		9364AC96229C6B4B000A1E75 /* Release */ = {
			isa = XCBuildConfiguration;
			buildSettings = {
				ALWAYS_SEARCH_USER_PATHS = NO;
				CLANG_ANALYZER_NONNULL = YES;
				CLANG_ANALYZER_NUMBER_OBJECT_CONVERSION = YES_AGGRESSIVE;
				CLANG_CXX_LANGUAGE_STANDARD = "gnu++14";
				CLANG_CXX_LIBRARY = "libc++";
				CLANG_ENABLE_MODULES = YES;
				CLANG_ENABLE_OBJC_ARC = YES;
				CLANG_ENABLE_OBJC_WEAK = YES;
				CLANG_WARN_BLOCK_CAPTURE_AUTORELEASING = YES;
				CLANG_WARN_BOOL_CONVERSION = YES;
				CLANG_WARN_COMMA = YES;
				CLANG_WARN_CONSTANT_CONVERSION = YES;
				CLANG_WARN_DEPRECATED_OBJC_IMPLEMENTATIONS = YES;
				CLANG_WARN_DIRECT_OBJC_ISA_USAGE = YES_ERROR;
				CLANG_WARN_DOCUMENTATION_COMMENTS = YES;
				CLANG_WARN_EMPTY_BODY = YES;
				CLANG_WARN_ENUM_CONVERSION = YES;
				CLANG_WARN_INFINITE_RECURSION = YES;
				CLANG_WARN_INT_CONVERSION = YES;
				CLANG_WARN_NON_LITERAL_NULL_CONVERSION = YES;
				CLANG_WARN_OBJC_IMPLICIT_RETAIN_SELF = YES;
				CLANG_WARN_OBJC_LITERAL_CONVERSION = YES;
				CLANG_WARN_OBJC_ROOT_CLASS = YES_ERROR;
				CLANG_WARN_RANGE_LOOP_ANALYSIS = YES;
				CLANG_WARN_STRICT_PROTOTYPES = YES;
				CLANG_WARN_SUSPICIOUS_MOVE = YES;
				CLANG_WARN_UNGUARDED_AVAILABILITY = YES_AGGRESSIVE;
				CLANG_WARN_UNREACHABLE_CODE = YES;
				CLANG_WARN__DUPLICATE_METHOD_MATCH = YES;
				CODE_SIGN_IDENTITY = "iPhone Developer";
				COPY_PHASE_STRIP = NO;
				DEBUG_INFORMATION_FORMAT = "dwarf-with-dsym";
				ENABLE_NS_ASSERTIONS = NO;
				ENABLE_STRICT_OBJC_MSGSEND = YES;
				GCC_C_LANGUAGE_STANDARD = gnu11;
				GCC_NO_COMMON_BLOCKS = YES;
				GCC_WARN_64_TO_32_BIT_CONVERSION = YES;
				GCC_WARN_ABOUT_RETURN_TYPE = YES_ERROR;
				GCC_WARN_UNDECLARED_SELECTOR = YES;
				GCC_WARN_UNINITIALIZED_AUTOS = YES_AGGRESSIVE;
				GCC_WARN_UNUSED_FUNCTION = YES;
				GCC_WARN_UNUSED_VARIABLE = YES;
				IPHONEOS_DEPLOYMENT_TARGET = 12.2;
				MTL_ENABLE_DEBUG_INFO = NO;
				MTL_FAST_MATH = YES;
				SDKROOT = iphoneos;
				SWIFT_COMPILATION_MODE = wholemodule;
				SWIFT_OPTIMIZATION_LEVEL = "-O";
				VALIDATE_PRODUCT = YES;
			};
			name = Release;
		};
		9364AC98229C6B4B000A1E75 /* Debug */ = {
			isa = XCBuildConfiguration;
			baseConfigurationReference = D88D5E0A205B285C701C38C9 /* Pods-Flash Chat.debug.xcconfig */;
			buildSettings = {
				ASSETCATALOG_COMPILER_APPICON_NAME = AppIcon;
				CODE_SIGN_STYLE = Automatic;
				DEVELOPMENT_TEAM = Q7FQVAD48L;
				INFOPLIST_FILE = "Flash Chat/Info.plist";
				LD_RUNPATH_SEARCH_PATHS = (
					"$(inherited)",
					"@executable_path/Frameworks",
				);
				PRODUCT_BUNDLE_IDENTIFIER = "quynhergy.Flash-Chat";
				PRODUCT_NAME = "$(TARGET_NAME)";
				SWIFT_VERSION = 5.0;
				TARGETED_DEVICE_FAMILY = "1,2";
			};
			name = Debug;
		};
		9364AC99229C6B4B000A1E75 /* Release */ = {
			isa = XCBuildConfiguration;
			baseConfigurationReference = 745D80D95CF6FE33BC3E776E /* Pods-Flash Chat.release.xcconfig */;
			buildSettings = {
				ASSETCATALOG_COMPILER_APPICON_NAME = AppIcon;
				CODE_SIGN_STYLE = Automatic;
				DEVELOPMENT_TEAM = Q7FQVAD48L;
				INFOPLIST_FILE = "Flash Chat/Info.plist";
				LD_RUNPATH_SEARCH_PATHS = (
					"$(inherited)",
					"@executable_path/Frameworks",
				);
				PRODUCT_BUNDLE_IDENTIFIER = "quynhergy.Flash-Chat";
				PRODUCT_NAME = "$(TARGET_NAME)";
				SWIFT_VERSION = 5.0;
				TARGETED_DEVICE_FAMILY = "1,2";
			};
			name = Release;
		};
/* End XCBuildConfiguration section */

/* Begin XCConfigurationList section */
		9364AC80229C6B4A000A1E75 /* Build configuration list for PBXProject "Flash Chat" */ = {
			isa = XCConfigurationList;
			buildConfigurations = (
				9364AC95229C6B4B000A1E75 /* Debug */,
				9364AC96229C6B4B000A1E75 /* Release */,
			);
			defaultConfigurationIsVisible = 0;
			defaultConfigurationName = Release;
		};
		9364AC97229C6B4B000A1E75 /* Build configuration list for PBXNativeTarget "Flash Chat" */ = {
			isa = XCConfigurationList;
			buildConfigurations = (
				9364AC98229C6B4B000A1E75 /* Debug */,
				9364AC99229C6B4B000A1E75 /* Release */,
			);
			defaultConfigurationIsVisible = 0;
			defaultConfigurationName = Release;
		};
/* End XCConfigurationList section */
	};
	rootObject = 9364AC7D229C6B4A000A1E75 /* Project object */;
}
